
Microsoft Visual Studio Solution File, Format Version 12.00
# Visual Studio Version 17
VisualStudioVersion = 17.4.33213.308
MinimumVisualStudioVersion = 10.0.40219.1
Project("{FAE04EC0-301F-11D3-BF4B-00C04F79EFBC}") = "paint", "paint\paint.csproj", "{AFA2200D-8079-459C-AFA3-584AF39E2175}"
EndProject
Global
	GlobalSection(SolutionConfigurationPlatforms) = preSolution
		Debug|Any CPU = Debug|Any CPU
		Release|Any CPU = Release|Any CPU
	EndGlobalSection
	GlobalSection(ProjectConfigurationPlatforms) = postSolution
		{AFA2200D-8079-459C-AFA3-584AF39E2175}.Debug|Any CPU.ActiveCfg = Debug|Any CPU
		{AFA2200D-8079-459C-AFA3-584AF39E2175}.Debug|Any CPU.Build.0 = Debug|Any CPU
		{AFA2200D-8079-459C-AFA3-584AF39E2175}.Release|Any CPU.ActiveCfg = Release|Any CPU
		{AFA2200D-8079-459C-AFA3-584AF39E2175}.Release|Any CPU.Build.0 = Release|Any CPU
	EndGlobalSection
	GlobalSection(SolutionProperties) = preSolution
		HideSolutionNode = FALSE
	EndGlobalSection
	GlobalSection(ExtensibilityGlobals) = postSolution
		SolutionGuid = {DFD192AA-9CE1-4B5B-9573-494DE5089E6B}
	EndGlobalSection
EndGlobal
